<?xml version="1.0" encoding="utf-8"?>
<Project ToolsVersion="4.0" xmlns="http://schemas.microsoft.com/developer/msbuild/2003">
  <ItemGroup>
    <Filter Include="ソース ファイル">
      <UniqueIdentifier>{4FC737F1-C7A5-4376-A066-2A32D752A2FF}</UniqueIdentifier>
      <Extensions>cpp;c;cc;cxx;def;odl;idl;hpj;bat;asm;asmx</Extensions>
    </Filter>
    <Filter Include="ヘッダー ファイル">
      <UniqueIdentifier>{93995380-89BD-4b04-88EB-625FBE52EBFB}</UniqueIdentifier>
      <Extensions>h;hh;hpp;hxx;hm;inl;inc;xsd</Extensions>
    </Filter>
    <Filter Include="リソース ファイル">
      <UniqueIdentifier>{67DA6AB6-F800-4c08-8B7A-83BB121AAD01}</UniqueIdentifier>
      <Extensions>rc;ico;cur;bmp;dlg;rc2;rct;bin;rgs;gif;jpg;jpeg;jpe;resx;tiff;tif;png;wav;mfcribbon-ms</Extensions>
    </Filter>
    <Filter Include="Rogue">
      <UniqueIdentifier>{318e05d1-43be-4f2a-954e-d6b7f3c933b0}</UniqueIdentifier>
    </Filter>
    <Filter Include="Tranp">
      <UniqueIdentifier>{317afd4b-b7e0-458b-a4d4-167b8aa91277}</UniqueIdentifier>
    </Filter>
    <Filter Include="Rpg">
      <UniqueIdentifier>{3d44ed77-5210-46db-ba8e-10c8ec41539a}</UniqueIdentifier>
    </Filter>
    <Filter Include="BackGrounds">
      <UniqueIdentifier>{8e992be3-f0a2-4128-8123-b5d499c43ae1}</UniqueIdentifier>
    </Filter>
    <Filter Include="Common">
      <UniqueIdentifier>{f3d4db6c-27b0-4cb5-852f-b7cb75d826cd}</UniqueIdentifier>
    </Filter>
    <Filter Include="Scene">
      <UniqueIdentifier>{e2ac1f2b-81dd-429e-b93c-2156c1dc762a}</UniqueIdentifier>
    </Filter>
  </ItemGroup>
  <ItemGroup>
    <ClCompile Include="BaseScene.cpp">
      <Filter>ソース ファイル</Filter>
    </ClCompile>
    <ClCompile Include="Game.cpp">
      <Filter>ソース ファイル</Filter>
    </ClCompile>
    <ClCompile Include="gameBaseScene.cpp">
      <Filter>ソース ファイル</Filter>
    </ClCompile>
    <ClCompile Include="gameSceneChanger.cpp">
      <Filter>ソース ファイル</Filter>
    </ClCompile>
    <ClCompile Include="Menu.cpp">
      <Filter>ソース ファイル</Filter>
    </ClCompile>
    <ClCompile Include="SceneChanger.cpp">
      <Filter>ソース ファイル</Filter>
    </ClCompile>
    <ClCompile Include="SceneMgr.cpp">
      <Filter>ソース ファイル</Filter>
    </ClCompile>
    <ClCompile Include="test.cpp">
      <Filter>ソース ファイル</Filter>
    </ClCompile>
    <ClCompile Include="Text.cpp">
      <Filter>ソース ファイル</Filter>
    </ClCompile>
    <ClCompile Include="ConsoleBuffer.cpp">
      <Filter>ソース ファイル</Filter>
    </ClCompile>
    <ClCompile Include="DrawableConsole.cpp">
      <Filter>ソース ファイル</Filter>
    </ClCompile>
    <ClCompile Include="Musicroom.cpp">
      <Filter>ソース ファイル</Filter>
    </ClCompile>
    <ClCompile Include="Rogue.cpp">
      <Filter>Rogue</Filter>
    </ClCompile>
    <ClCompile Include="RogueGame.cpp">
      <Filter>Rogue</Filter>
    </ClCompile>
    <ClCompile Include="RogueGameParty.cpp">
      <Filter>Rogue</Filter>
    </ClCompile>
    <ClCompile Include="Tranp.cpp">
      <Filter>Tranp</Filter>
    </ClCompile>
    <ClCompile Include="TranpGame.cpp">
      <Filter>Tranp</Filter>
    </ClCompile>
    <ClCompile Include="Rpg.cpp">
      <Filter>Rpg</Filter>
    </ClCompile>
    <ClCompile Include="RpgGame.cpp">
      <Filter>Rpg</Filter>
    </ClCompile>
    <ClCompile Include="Background.cpp">
      <Filter>BackGrounds</Filter>
    </ClCompile>
    <ClCompile Include="FallingObject.cpp">
      <Filter>BackGrounds</Filter>
    </ClCompile>
    <ClCompile Include="FallingObjectCollection.cpp">
      <Filter>BackGrounds</Filter>
    </ClCompile>
    <ClCompile Include="Common.cpp">
      <Filter>Common</Filter>
    </ClCompile>
    <ClCompile Include="Keyboard.cpp">
      <Filter>Common</Filter>
    </ClCompile>
    <ClCompile Include="Music.cpp">
      <Filter>Common</Filter>
    </ClCompile>
    <ClCompile Include="mt19937ar.cpp">
      <Filter>Common</Filter>
    </ClCompile>
  </ItemGroup>
  <ItemGroup>
    <ClInclude Include="Game.h">
      <Filter>ヘッダー ファイル</Filter>
    </ClInclude>
    <ClInclude Include="BaseScene.h">
      <Filter>ヘッダー ファイル</Filter>
    </ClInclude>
    <ClInclude Include="test.h">
      <Filter>ヘッダー ファイル</Filter>
    </ClInclude>
    <ClInclude Include="SceneMgr.h">
      <Filter>ヘッダー ファイル</Filter>
    </ClInclude>
    <ClInclude Include="SceneChanger.h">
      <Filter>ヘッダー ファイル</Filter>
    </ClInclude>
    <ClInclude Include="Menu.h">
      <Filter>ヘッダー ファイル</Filter>
    </ClInclude>
    <ClInclude Include="gameSceneChanger.h">
      <Filter>ヘッダー ファイル</Filter>
    </ClInclude>
    <ClInclude Include="gameBaseScene.h">
      <Filter>ヘッダー ファイル</Filter>
    </ClInclude>
    <ClInclude Include="Task.h">
      <Filter>ヘッダー ファイル</Filter>
    </ClInclude>
    <ClInclude Include="Text.h">
      <Filter>ヘッダー ファイル</Filter>
    </ClInclude>
    <ClInclude Include="ConsoleBuffer.h">
      <Filter>ヘッダー ファイル</Filter>
    </ClInclude>
    <ClInclude Include="typedef.h">
      <Filter>ヘッダー ファイル</Filter>
    </ClInclude>
    <ClInclude Include="DrawableConsole.h">
      <Filter>ヘッダー ファイル</Filter>
    </ClInclude>
    <ClInclude Include="Musicroom.h">
      <Filter>ヘッダー ファイル</Filter>
    </ClInclude>
    <ClInclude Include="Rogue.h">
      <Filter>Rogue</Filter>
    </ClInclude>
    <ClInclude Include="RogueGame.h">
      <Filter>Rogue</Filter>
    </ClInclude>
    <ClInclude Include="RogueGameParty.h">
      <Filter>Rogue</Filter>
    </ClInclude>
    <ClInclude Include="RogueGameTable.h">
      <Filter>Rogue</Filter>
    </ClInclude>
    <ClInclude Include="TranpGame.h">
      <Filter>Tranp</Filter>
    </ClInclude>
    <ClInclude Include="Tranp.h">
      <Filter>Tranp</Filter>
    </ClInclude>
    <ClInclude Include="RpgGame.h">
      <Filter>Rpg</Filter>
    </ClInclude>
    <ClInclude Include="Rpg.h">
      <Filter>Rpg</Filter>
    </ClInclude>
    <ClInclude Include="BackGround.h">
      <Filter>BackGrounds</Filter>
    </ClInclude>
    <ClInclude Include="FallingObject.h">
      <Filter>BackGrounds</Filter>
    </ClInclude>
    <ClInclude Include="FallingObjectCollection.h">
      <Filter>BackGrounds</Filter>
    </ClInclude>
    <ClInclude Include="Common.h">
      <Filter>Common</Filter>
    </ClInclude>
    <ClInclude Include="mt19937ar.h">
      <Filter>Common</Filter>
    </ClInclude>
    <ClInclude Include="GetTime.h">
      <Filter>Common</Filter>
    </ClInclude>
    <ClInclude Include="Keyboard.h">
      <Filter>Common</Filter>
    </ClInclude>
    <ClInclude Include="Music.h">
      <Filter>Common</Filter>
    </ClInclude>
    <ClInclude Include="Data_Rand.h">
      <Filter>Common</Filter>
    </ClInclude>
  </ItemGroup>
  <ItemGroup>
    <Media Include="Dummy.wav">
      <Filter>リソース ファイル</Filter>
    </Media>
    <Media Include="pop.wav">
      <Filter>リソース ファイル</Filter>
    </Media>
    <Media Include="sad_dream.wav">
      <Filter>リソース ファイル</Filter>
    </Media>
    <Media Include="op.wav">
      <Filter>リソース ファイル</Filter>
    </Media>
    <Media Include="lastboss.wav">
      <Filter>リソース ファイル</Filter>
    </Media>
  </ItemGroup>
  <ItemGroup>
    <Image Include="500px-Flower.bmp">
      <Filter>リソース ファイル</Filter>
    </Image>
    <Image Include="2.bmp">
      <Filter>リソース ファイル</Filter>
    </Image>
  </ItemGroup>
</Project>